
Microsoft Visual Studio Solution File, Format Version 12.00
# Visual Studio Version 16
VisualStudioVersion = 16.0.30611.23
MinimumVisualStudioVersion = 10.0.40219.1
Project("{FAE04EC0-301F-11D3-BF4B-00C04F79EFBC}") = "Variables", "Variables\Variables.csproj", "{87DC41D8-F77D-42AB-A7C8-AB94125085CF}"
EndProject
Global
	GlobalSection(SolutionConfigurationPlatforms) = preSolution
		Debug|Any CPU = Debug|Any CPU
		Release|Any CPU = Release|Any CPU
	EndGlobalSection
	GlobalSection(ProjectConfigurationPlatforms) = postSolution
		{87DC41D8-F77D-42AB-A7C8-AB94125085CF}.Debug|Any CPU.ActiveCfg = Debug|Any CPU
		{87DC41D8-F77D-42AB-A7C8-AB94125085CF}.Debug|Any CPU.Build.0 = Debug|Any CPU
		{87DC41D8-F77D-42AB-A7C8-AB94125085CF}.Release|Any CPU.ActiveCfg = Release|Any CPU
		{87DC41D8-F77D-42AB-A7C8-AB94125085CF}.Release|Any CPU.Build.0 = Release|Any CPU
	EndGlobalSection
	GlobalSection(SolutionProperties) = preSolution
		HideSolutionNode = FALSE
	EndGlobalSection
	GlobalSection(ExtensibilityGlobals) = postSolution
		SolutionGuid = {ADA4B43C-41BE-42CE-AE07-A67071A49EC6}
	EndGlobalSection
EndGlobal
